// !$*UTF8*$!
{
	archiveVersion = 1;
	classes = {
	};
	objectVersion = 46;
	objects = {

/* Begin PBXBuildFile section */
		383DB26A18952ABD00BDF393 /* Foundation.framework in Frameworks */ = {isa = PBXBuildFile; fileRef = 383DB26918952ABD00BDF393 /* Foundation.framework */; };
		383DB26C18952ABD00BDF393 /* CoreGraphics.framework in Frameworks */ = {isa = PBXBuildFile; fileRef = 383DB26B18952ABD00BDF393 /* CoreGraphics.framework */; };
		383DB26E18952ABD00BDF393 /* UIKit.framework in Frameworks */ = {isa = PBXBuildFile; fileRef = 383DB26D18952ABD00BDF393 /* UIKit.framework */; };
		383DB27418952ABD00BDF393 /* InfoPlist.strings in Resources */ = {isa = PBXBuildFile; fileRef = 383DB27218952ABD00BDF393 /* InfoPlist.strings */; };
		383DB27618952ABD00BDF393 /* main.m in Sources */ = {isa = PBXBuildFile; fileRef = 383DB27518952ABD00BDF393 /* main.m */; };
		383DB27A18952ABD00BDF393 /* AppDelegate.m in Sources */ = {isa = PBXBuildFile; fileRef = 383DB27918952ABD00BDF393 /* AppDelegate.m */; };
		383DB27D18952ABD00BDF393 /* Main_iPhone.storyboard in Resources */ = {isa = PBXBuildFile; fileRef = 383DB27B18952ABD00BDF393 /* Main_iPhone.storyboard */; };
		383DB28018952ABD00BDF393 /* Main_iPad.storyboard in Resources */ = {isa = PBXBuildFile; fileRef = 383DB27E18952ABD00BDF393 /* Main_iPad.storyboard */; };
		383DB28518952ABD00BDF393 /* Images.xcassets in Resources */ = {isa = PBXBuildFile; fileRef = 383DB28418952ABD00BDF393 /* Images.xcassets */; };
		383DB28C18952ABD00BDF393 /* XCTest.framework in Frameworks */ = {isa = PBXBuildFile; fileRef = 383DB28B18952ABD00BDF393 /* XCTest.framework */; };
		383DB28D18952ABD00BDF393 /* Foundation.framework in Frameworks */ = {isa = PBXBuildFile; fileRef = 383DB26918952ABD00BDF393 /* Foundation.framework */; };
		383DB28E18952ABD00BDF393 /* UIKit.framework in Frameworks */ = {isa = PBXBuildFile; fileRef = 383DB26D18952ABD00BDF393 /* UIKit.framework */; };
		383DB29618952ABD00BDF393 /* InfoPlist.strings in Resources */ = {isa = PBXBuildFile; fileRef = 383DB29418952ABD00BDF393 /* InfoPlist.strings */; };
		383DB29818952ABD00BDF393 /* FlickerPhotoMapTests.m in Sources */ = {isa = PBXBuildFile; fileRef = 383DB29718952ABD00BDF393 /* FlickerPhotoMapTests.m */; };
		383DB2A218952C5F00BDF393 /* MapKit.framework in Frameworks */ = {isa = PBXBuildFile; fileRef = 383DB2A118952C5F00BDF393 /* MapKit.framework */; };
		383DB2AA18952D0200BDF393 /* BluePin.png in Resources */ = {isa = PBXBuildFile; fileRef = 383DB2A418952D0200BDF393 /* BluePin.png */; };
		383DB2AB18952D0200BDF393 /* GreenPin.png in Resources */ = {isa = PBXBuildFile; fileRef = 383DB2A518952D0200BDF393 /* GreenPin.png */; };
		383DB2AC18952D0200BDF393 /* Icon.png in Resources */ = {isa = PBXBuildFile; fileRef = 383DB2A618952D0200BDF393 /* Icon.png */; };
		383DB2AD18952D0200BDF393 /* Icon@2x.png in Resources */ = {isa = PBXBuildFile; fileRef = 383DB2A718952D0200BDF393 /* Icon@2x.png */; };
		383DB2AE18952D0200BDF393 /* RedPin.png in Resources */ = {isa = PBXBuildFile; fileRef = 383DB2A818952D0200BDF393 /* RedPin.png */; };
		383DB2AF18952D0200BDF393 /* YellowPin.png in Resources */ = {isa = PBXBuildFile; fileRef = 383DB2A918952D0200BDF393 /* YellowPin.png */; };
		383DB2B218952DD700BDF393 /* MapViewController.m in Sources */ = {isa = PBXBuildFile; fileRef = 383DB2B118952DD700BDF393 /* MapViewController.m */; };
		383DB2B51895338F00BDF393 /* PhotoAnnotation.m in Sources */ = {isa = PBXBuildFile; fileRef = 383DB2B41895338F00BDF393 /* PhotoAnnotation.m */; };
		38D00170189F1A3400968B24 /* PhotoViewController.m in Sources */ = {isa = PBXBuildFile; fileRef = 38D0016F189F1A3400968B24 /* PhotoViewController.m */; };
/* End PBXBuildFile section */

/* Begin PBXContainerItemProxy section */
		383DB28F18952ABD00BDF393 /* PBXContainerItemProxy */ = {
			isa = PBXContainerItemProxy;
			containerPortal = 383DB25E18952ABD00BDF393 /* Project object */;
			proxyType = 1;
			remoteGlobalIDString = 383DB26518952ABD00BDF393;
			remoteInfo = FlickerPhotoMap;
		};
/* End PBXContainerItemProxy section */

/* Begin PBXFileReference section */
		383DB26618952ABD00BDF393 /* FlickerPhotoMap.app */ = {isa = PBXFileReference; explicitFileType = wrapper.application; includeInIndex = 0; path = FlickerPhotoMap.app; sourceTree = BUILT_PRODUCTS_DIR; };
		383DB26918952ABD00BDF393 /* Foundation.framework */ = {isa = PBXFileReference; lastKnownFileType = wrapper.framework; name = Foundation.framework; path = System/Library/Frameworks/Foundation.framework; sourceTree = SDKROOT; };
		383DB26B18952ABD00BDF393 /* CoreGraphics.framework */ = {isa = PBXFileReference; lastKnownFileType = wrapper.framework; name = CoreGraphics.framework; path = System/Library/Frameworks/CoreGraphics.framework; sourceTree = SDKROOT; };
		383DB26D18952ABD00BDF393 /* UIKit.framework */ = {isa = PBXFileReference; lastKnownFileType = wrapper.framework; name = UIKit.framework; path = System/Library/Frameworks/UIKit.framework; sourceTree = SDKROOT; };
		383DB27118952ABD00BDF393 /* FlickerPhotoMap-Info.plist */ = {isa = PBXFileReference; lastKnownFileType = text.plist.xml; path = "FlickerPhotoMap-Info.plist"; sourceTree = "<group>"; };
		383DB27318952ABD00BDF393 /* en */ = {isa = PBXFileReference; lastKnownFileType = text.plist.strings; name = en; path = en.lproj/InfoPlist.strings; sourceTree = "<group>"; };
		383DB27518952ABD00BDF393 /* main.m */ = {isa = PBXFileReference; lastKnownFileType = sourcecode.c.objc; path = main.m; sourceTree = "<group>"; };
		383DB27718952ABD00BDF393 /* FlickerPhotoMap-Prefix.pch */ = {isa = PBXFileReference; lastKnownFileType = sourcecode.c.h; path = "FlickerPhotoMap-Prefix.pch"; sourceTree = "<group>"; };
		383DB27818952ABD00BDF393 /* AppDelegate.h */ = {isa = PBXFileReference; lastKnownFileType = sourcecode.c.h; path = AppDelegate.h; sourceTree = "<group>"; };
		383DB27918952ABD00BDF393 /* AppDelegate.m */ = {isa = PBXFileReference; lastKnownFileType = sourcecode.c.objc; path = AppDelegate.m; sourceTree = "<group>"; };
		383DB27C18952ABD00BDF393 /* Base */ = {isa = PBXFileReference; lastKnownFileType = file.storyboard; name = Base; path = Base.lproj/Main_iPhone.storyboard; sourceTree = "<group>"; };
		383DB27F18952ABD00BDF393 /* Base */ = {isa = PBXFileReference; lastKnownFileType = file.storyboard; name = Base; path = Base.lproj/Main_iPad.storyboard; sourceTree = "<group>"; };
		383DB28418952ABD00BDF393 /* Images.xcassets */ = {isa = PBXFileReference; lastKnownFileType = folder.assetcatalog; path = Images.xcassets; sourceTree = "<group>"; };
		383DB28A18952ABD00BDF393 /* FlickerPhotoMapTests.xctest */ = {isa = PBXFileReference; explicitFileType = wrapper.cfbundle; includeInIndex = 0; path = FlickerPhotoMapTests.xctest; sourceTree = BUILT_PRODUCTS_DIR; };
		383DB28B18952ABD00BDF393 /* XCTest.framework */ = {isa = PBXFileReference; lastKnownFileType = wrapper.framework; name = XCTest.framework; path = Library/Frameworks/XCTest.framework; sourceTree = DEVELOPER_DIR; };
		383DB29318952ABD00BDF393 /* FlickerPhotoMapTests-Info.plist */ = {isa = PBXFileReference; lastKnownFileType = text.plist.xml; path = "FlickerPhotoMapTests-Info.plist"; sourceTree = "<group>"; };
		383DB29518952ABD00BDF393 /* en */ = {isa = PBXFileReference; lastKnownFileType = text.plist.strings; name = en; path = en.lproj/InfoPlist.strings; sourceTree = "<group>"; };
		383DB29718952ABD00BDF393 /* FlickerPhotoMapTests.m */ = {isa = PBXFileReference; lastKnownFileType = sourcecode.c.objc; path = FlickerPhotoMapTests.m; sourceTree = "<group>"; };
		383DB2A118952C5F00BDF393 /* MapKit.framework */ = {isa = PBXFileReference; lastKnownFileType = wrapper.framework; name = MapKit.framework; path = System/Library/Frameworks/MapKit.framework; sourceTree = SDKROOT; };
		383DB2A418952D0200BDF393 /* BluePin.png */ = {isa = PBXFileReference; lastKnownFileType = image.png; path = BluePin.png; sourceTree = "<group>"; };
		383DB2A518952D0200BDF393 /* GreenPin.png */ = {isa = PBXFileReference; lastKnownFileType = image.png; path = GreenPin.png; sourceTree = "<group>"; };
		383DB2A618952D0200BDF393 /* Icon.png */ = {isa = PBXFileReference; lastKnownFileType = image.png; path = Icon.png; sourceTree = "<group>"; };
		383DB2A718952D0200BDF393 /* Icon@2x.png */ = {isa = PBXFileReference; lastKnownFileType = image.png; path = "Icon@2x.png"; sourceTree = "<group>"; };
		383DB2A818952D0200BDF393 /* RedPin.png */ = {isa = PBXFileReference; lastKnownFileType = image.png; path = RedPin.png; sourceTree = "<group>"; };
		383DB2A918952D0200BDF393 /* YellowPin.png */ = {isa = PBXFileReference; lastKnownFileType = image.png; path = YellowPin.png; sourceTree = "<group>"; };
		383DB2B018952DD700BDF393 /* MapViewController.h */ = {isa = PBXFileReference; fileEncoding = 4; lastKnownFileType = sourcecode.c.h; name = MapViewController.h; path = ../MapViewController.h; sourceTree = "<group>"; };
		383DB2B118952DD700BDF393 /* MapViewController.m */ = {isa = PBXFileReference; fileEncoding = 4; lastKnownFileType = sourcecode.c.objc; name = MapViewController.m; path = ../MapViewController.m; sourceTree = "<group>"; };
		383DB2B31895338F00BDF393 /* PhotoAnnotation.h */ = {isa = PBXFileReference; fileEncoding = 4; lastKnownFileType = sourcecode.c.h; path = PhotoAnnotation.h; sourceTree = "<group>"; };
		383DB2B41895338F00BDF393 /* PhotoAnnotation.m */ = {isa = PBXFileReference; fileEncoding = 4; lastKnownFileType = sourcecode.c.objc; path = PhotoAnnotation.m; sourceTree = "<group>"; };
		38D0016E189F1A3400968B24 /* PhotoViewController.h */ = {isa = PBXFileReference; fileEncoding = 4; lastKnownFileType = sourcecode.c.h; path = PhotoViewController.h; sourceTree = "<group>"; };
		38D0016F189F1A3400968B24 /* PhotoViewController.m */ = {isa = PBXFileReference; fileEncoding = 4; lastKnownFileType = sourcecode.c.objc; path = PhotoViewController.m; sourceTree = "<group>"; };
/* End PBXFileReference section */

/* Begin PBXFrameworksBuildPhase section */
		383DB26318952ABD00BDF393 /* Frameworks */ = {
			isa = PBXFrameworksBuildPhase;
			buildActionMask = 2147483647;
			files = (
				383DB2A218952C5F00BDF393 /* MapKit.framework in Frameworks */,
				383DB26C18952ABD00BDF393 /* CoreGraphics.framework in Frameworks */,
				383DB26E18952ABD00BDF393 /* UIKit.framework in Frameworks */,
				383DB26A18952ABD00BDF393 /* Foundation.framework in Frameworks */,
			);
			runOnlyForDeploymentPostprocessing = 0;
		};
		383DB28718952ABD00BDF393 /* Frameworks */ = {
			isa = PBXFrameworksBuildPhase;
			buildActionMask = 2147483647;
			files = (
				383DB28C18952ABD00BDF393 /* XCTest.framework in Frameworks */,
				383DB28E18952ABD00BDF393 /* UIKit.framework in Frameworks */,
				383DB28D18952ABD00BDF393 /* Foundation.framework in Frameworks */,
			);
			runOnlyForDeploymentPostprocessing = 0;
		};
/* End PBXFrameworksBuildPhase section */

/* Begin PBXGroup section */
		383DB25D18952ABD00BDF393 = {
			isa = PBXGroup;
			children = (
				383DB26F18952ABD00BDF393 /* FlickerPhotoMap */,
				383DB29118952ABD00BDF393 /* FlickerPhotoMapTests */,
				383DB26818952ABD00BDF393 /* Frameworks */,
				383DB26718952ABD00BDF393 /* Products */,
			);
			sourceTree = "<group>";
		};
		383DB26718952ABD00BDF393 /* Products */ = {
			isa = PBXGroup;
			children = (
				383DB26618952ABD00BDF393 /* FlickerPhotoMap.app */,
				383DB28A18952ABD00BDF393 /* FlickerPhotoMapTests.xctest */,
			);
			name = Products;
			sourceTree = "<group>";
		};
		383DB26818952ABD00BDF393 /* Frameworks */ = {
			isa = PBXGroup;
			children = (
				383DB2A118952C5F00BDF393 /* MapKit.framework */,
				383DB26918952ABD00BDF393 /* Foundation.framework */,
				383DB26B18952ABD00BDF393 /* CoreGraphics.framework */,
				383DB26D18952ABD00BDF393 /* UIKit.framework */,
				383DB28B18952ABD00BDF393 /* XCTest.framework */,
			);
			name = Frameworks;
			sourceTree = "<group>";
		};
		383DB26F18952ABD00BDF393 /* FlickerPhotoMap */ = {
			isa = PBXGroup;
			children = (
				38D0016E189F1A3400968B24 /* PhotoViewController.h */,
				38D0016F189F1A3400968B24 /* PhotoViewController.m */,
				383DB2B018952DD700BDF393 /* MapViewController.h */,
				383DB2B118952DD700BDF393 /* MapViewController.m */,
				383DB2B31895338F00BDF393 /* PhotoAnnotation.h */,
				383DB2B41895338F00BDF393 /* PhotoAnnotation.m */,
				383DB27818952ABD00BDF393 /* AppDelegate.h */,
				383DB27918952ABD00BDF393 /* AppDelegate.m */,
				383DB27B18952ABD00BDF393 /* Main_iPhone.storyboard */,
				383DB27E18952ABD00BDF393 /* Main_iPad.storyboard */,
				383DB28418952ABD00BDF393 /* Images.xcassets */,
				383DB27018952ABD00BDF393 /* Supporting Files */,
			);
			path = FlickerPhotoMap;
			sourceTree = "<group>";
		};
		383DB27018952ABD00BDF393 /* Supporting Files */ = {
			isa = PBXGroup;
			children = (
				383DB2A318952D0200BDF393 /* Images */,
				383DB27118952ABD00BDF393 /* FlickerPhotoMap-Info.plist */,
				383DB27218952ABD00BDF393 /* InfoPlist.strings */,
				383DB27518952ABD00BDF393 /* main.m */,
				383DB27718952ABD00BDF393 /* FlickerPhotoMap-Prefix.pch */,
			);
			name = "Supporting Files";
			sourceTree = "<group>";
		};
		383DB29118952ABD00BDF393 /* FlickerPhotoMapTests */ = {
			isa = PBXGroup;
			children = (
				383DB29718952ABD00BDF393 /* FlickerPhotoMapTests.m */,
				383DB29218952ABD00BDF393 /* Supporting Files */,
			);
			path = FlickerPhotoMapTests;
			sourceTree = "<group>";
		};
		383DB29218952ABD00BDF393 /* Supporting Files */ = {
			isa = PBXGroup;
			children = (
				383DB29318952ABD00BDF393 /* FlickerPhotoMapTests-Info.plist */,
				383DB29418952ABD00BDF393 /* InfoPlist.strings */,
			);
			name = "Supporting Files";
			sourceTree = "<group>";
		};
		383DB2A318952D0200BDF393 /* Images */ = {
			isa = PBXGroup;
			children = (
				383DB2A418952D0200BDF393 /* BluePin.png */,
				383DB2A518952D0200BDF393 /* GreenPin.png */,
				383DB2A618952D0200BDF393 /* Icon.png */,
				383DB2A718952D0200BDF393 /* Icon@2x.png */,
				383DB2A818952D0200BDF393 /* RedPin.png */,
				383DB2A918952D0200BDF393 /* YellowPin.png */,
			);
			path = Images;
			sourceTree = "<group>";
		};
/* End PBXGroup section */

/* Begin PBXNativeTarget section */
		383DB26518952ABD00BDF393 /* FlickerPhotoMap */ = {
			isa = PBXNativeTarget;
			buildConfigurationList = 383DB29B18952ABD00BDF393 /* Build configuration list for PBXNativeTarget "FlickerPhotoMap" */;
			buildPhases = (
				383DB26218952ABD00BDF393 /* Sources */,
				383DB26318952ABD00BDF393 /* Frameworks */,
				383DB26418952ABD00BDF393 /* Resources */,
			);
			buildRules = (
			);
			dependencies = (
			);
			name = FlickerPhotoMap;
			productName = FlickerPhotoMap;
			productReference = 383DB26618952ABD00BDF393 /* FlickerPhotoMap.app */;
			productType = "com.apple.product-type.application";
		};
		383DB28918952ABD00BDF393 /* FlickerPhotoMapTests */ = {
			isa = PBXNativeTarget;
			buildConfigurationList = 383DB29E18952ABD00BDF393 /* Build configuration list for PBXNativeTarget "FlickerPhotoMapTests" */;
			buildPhases = (
				383DB28618952ABD00BDF393 /* Sources */,
				383DB28718952ABD00BDF393 /* Frameworks */,
				383DB28818952ABD00BDF393 /* Resources */,
			);
			buildRules = (
			);
			dependencies = (
				383DB29018952ABD00BDF393 /* PBXTargetDependency */,
			);
			name = FlickerPhotoMapTests;
			productName = FlickerPhotoMapTests;
			productReference = 383DB28A18952ABD00BDF393 /* FlickerPhotoMapTests.xctest */;
			productType = "com.apple.product-type.bundle.unit-test";
		};
/* End PBXNativeTarget section */

/* Begin PBXProject section */
		383DB25E18952ABD00BDF393 /* Project object */ = {
			isa = PBXProject;
			attributes = {
				LastUpgradeCheck = 0500;
				ORGANIZATIONNAME = "Lee JaeJung";
				TargetAttributes = {
					383DB28918952ABD00BDF393 = {
						TestTargetID = 383DB26518952ABD00BDF393;
					};
				};
			};
			buildConfigurationList = 383DB26118952ABD00BDF393 /* Build configuration list for PBXProject "FlickerPhotoMap" */;
			compatibilityVersion = "Xcode 3.2";
			developmentRegion = English;
			hasScannedForEncodings = 0;
			knownRegions = (
				en,
				Base,
			);
			mainGroup = 383DB25D18952ABD00BDF393;
			productRefGroup = 383DB26718952ABD00BDF393 /* Products */;
			projectDirPath = "";
			projectRoot = "";
			targets = (
				383DB26518952ABD00BDF393 /* FlickerPhotoMap */,
				383DB28918952ABD00BDF393 /* FlickerPhotoMapTests */,
			);
		};
/* End PBXProject section */

/* Begin PBXResourcesBuildPhase section */
		383DB26418952ABD00BDF393 /* Resources */ = {
			isa = PBXResourcesBuildPhase;
			buildActionMask = 2147483647;
			files = (
				383DB28018952ABD00BDF393 /* Main_iPad.storyboard in Resources */,
				383DB2AD18952D0200BDF393 /* Icon@2x.png in Resources */,
				383DB28518952ABD00BDF393 /* Images.xcassets in Resources */,
				383DB27D18952ABD00BDF393 /* Main_iPhone.storyboard in Resources */,
				383DB27418952ABD00BDF393 /* InfoPlist.strings in Resources */,
				383DB2AA18952D0200BDF393 /* BluePin.png in Resources */,
				383DB2AE18952D0200BDF393 /* RedPin.png in Resources */,
				383DB2AC18952D0200BDF393 /* Icon.png in Resources */,
				383DB2AB18952D0200BDF393 /* GreenPin.png in Resources */,
				383DB2AF18952D0200BDF393 /* YellowPin.png in Resources */,
			);
			runOnlyForDeploymentPostprocessing = 0;
		};
		383DB28818952ABD00BDF393 /* Resources */ = {
			isa = PBXResourcesBuildPhase;
			buildActionMask = 2147483647;
			files = (
				383DB29618952ABD00BDF393 /* InfoPlist.strings in Resources */,
			);
			runOnlyForDeploymentPostprocessing = 0;
		};
/* End PBXResourcesBuildPhase section */

/* Begin PBXSourcesBuildPhase section */
		383DB26218952ABD00BDF393 /* Sources */ = {
			isa = PBXSourcesBuildPhase;
			buildActionMask = 2147483647;
			files = (
				383DB2B218952DD700BDF393 /* MapViewController.m in Sources */,
				383DB2B51895338F00BDF393 /* PhotoAnnotation.m in Sources */,
				383DB27A18952ABD00BDF393 /* AppDelegate.m in Sources */,
				383DB27618952ABD00BDF393 /* main.m in Sources */,
				38D00170189F1A3400968B24 /* PhotoViewController.m in Sources */,
			);
			runOnlyForDeploymentPostprocessing = 0;
		};
		383DB28618952ABD00BDF393 /* Sources */ = {
			isa = PBXSourcesBuildPhase;
			buildActionMask = 2147483647;
			files = (
				383DB29818952ABD00BDF393 /* FlickerPhotoMapTests.m in Sources */,
			);
			runOnlyForDeploymentPostprocessing = 0;
		};
/* End PBXSourcesBuildPhase section */

/* Begin PBXTargetDependency section */
		383DB29018952ABD00BDF393 /* PBXTargetDependency */ = {
			isa = PBXTargetDependency;
			target = 383DB26518952ABD00BDF393 /* FlickerPhotoMap */;
			targetProxy = 383DB28F18952ABD00BDF393 /* PBXContainerItemProxy */;
		};
/* End PBXTargetDependency section */

/* Begin PBXVariantGroup section */
		383DB27218952ABD00BDF393 /* InfoPlist.strings */ = {
			isa = PBXVariantGroup;
			children = (
				383DB27318952ABD00BDF393 /* en */,
			);
			name = InfoPlist.strings;
			sourceTree = "<group>";
		};
		383DB27B18952ABD00BDF393 /* Main_iPhone.storyboard */ = {
			isa = PBXVariantGroup;
			children = (
				383DB27C18952ABD00BDF393 /* Base */,
			);
			name = Main_iPhone.storyboard;
			sourceTree = "<group>";
		};
		383DB27E18952ABD00BDF393 /* Main_iPad.storyboard */ = {
			isa = PBXVariantGroup;
			children = (
				383DB27F18952ABD00BDF393 /* Base */,
			);
			name = Main_iPad.storyboard;
			sourceTree = "<group>";
		};
		383DB29418952ABD00BDF393 /* InfoPlist.strings */ = {
			isa = PBXVariantGroup;
			children = (
				383DB29518952ABD00BDF393 /* en */,
			);
			name = InfoPlist.strings;
			sourceTree = "<group>";
		};
/* End PBXVariantGroup section */

/* Begin XCBuildConfiguration section */
		383DB29918952ABD00BDF393 /* Debug */ = {
			isa = XCBuildConfiguration;
			buildSettings = {
				ALWAYS_SEARCH_USER_PATHS = NO;
				ARCHS = "$(ARCHS_STANDARD_INCLUDING_64_BIT)";
				CLANG_CXX_LANGUAGE_STANDARD = "gnu++0x";
				CLANG_CXX_LIBRARY = "libc++";
				CLANG_ENABLE_MODULES = YES;
				CLANG_ENABLE_OBJC_ARC = YES;
				CLANG_WARN_BOOL_CONVERSION = YES;
				CLANG_WARN_CONSTANT_CONVERSION = YES;
				CLANG_WARN_DIRECT_OBJC_ISA_USAGE = YES_ERROR;
				CLANG_WARN_EMPTY_BODY = YES;
				CLANG_WARN_ENUM_CONVERSION = YES;
				CLANG_WARN_INT_CONVERSION = YES;
				CLANG_WARN_OBJC_ROOT_CLASS = YES_ERROR;
				CLANG_WARN__DUPLICATE_METHOD_MATCH = YES;
				"CODE_SIGN_IDENTITY[sdk=iphoneos*]" = "iPhone Developer";
				COPY_PHASE_STRIP = NO;
				GCC_C_LANGUAGE_STANDARD = gnu99;
				GCC_DYNAMIC_NO_PIC = NO;
				GCC_OPTIMIZATION_LEVEL = 0;
				GCC_PREPROCESSOR_DEFINITIONS = (
					"DEBUG=1",
					"$(inherited)",
				);
				GCC_SYMBOLS_PRIVATE_EXTERN = NO;
				GCC_WARN_64_TO_32_BIT_CONVERSION = YES;
				GCC_WARN_ABOUT_RETURN_TYPE = YES_ERROR;
				GCC_WARN_UNDECLARED_SELECTOR = YES;
				GCC_WARN_UNINITIALIZED_AUTOS = YES;
				GCC_WARN_UNUSED_FUNCTION = YES;
				GCC_WARN_UNUSED_VARIABLE = YES;
				IPHONEOS_DEPLOYMENT_TARGET = 7.0;
				ONLY_ACTIVE_ARCH = YES;
				SDKROOT = iphoneos;
				TARGETED_DEVICE_FAMILY = "1,2";
			};
			name = Debug;
		};
		383DB29A18952ABD00BDF393 /* Release */ = {
			isa = XCBuildConfiguration;
			buildSettings = {
				ALWAYS_SEARCH_USER_PATHS = NO;
				ARCHS = "$(ARCHS_STANDARD_INCLUDING_64_BIT)";
				CLANG_CXX_LANGUAGE_STANDARD = "gnu++0x";
				CLANG_CXX_LIBRARY = "libc++";
				CLANG_ENABLE_MODULES = YES;
				CLANG_ENABLE_OBJC_ARC = YES;
				CLANG_WARN_BOOL_CONVERSION = YES;
				CLANG_WARN_CONSTANT_CONVERSION = YES;
				CLANG_WARN_DIRECT_OBJC_ISA_USAGE = YES_ERROR;
				CLANG_WARN_EMPTY_BODY = YES;
				CLANG_WARN_ENUM_CONVERSION = YES;
				CLANG_WARN_INT_CONVERSION = YES;
				CLANG_WARN_OBJC_ROOT_CLASS = YES_ERROR;
				CLANG_WARN__DUPLICATE_METHOD_MATCH = YES;
				"CODE_SIGN_IDENTITY[sdk=iphoneos*]" = "iPhone Developer";
				COPY_PHASE_STRIP = YES;
				ENABLE_NS_ASSERTIONS = NO;
				GCC_C_LANGUAGE_STANDARD = gnu99;
				GCC_WARN_64_TO_32_BIT_CONVERSION = YES;
				GCC_WARN_ABOUT_RETURN_TYPE = YES_ERROR;
				GCC_WARN_UNDECLARED_SELECTOR = YES;
				GCC_WARN_UNINITIALIZED_AUTOS = YES;
				GCC_WARN_UNUSED_FUNCTION = YES;
				GCC_WARN_UNUSED_VARIABLE = YES;
				IPHONEOS_DEPLOYMENT_TARGET = 7.0;
				SDKROOT = iphoneos;
				TARGETED_DEVICE_FAMILY = "1,2";
				VALIDATE_PRODUCT = YES;
			};
			name = Release;
		};
		383DB29C18952ABD00BDF393 /* Debug */ = {
			isa = XCBuildConfiguration;
			buildSettings = {
				ASSETCATALOG_COMPILER_APPICON_NAME = AppIcon;
				ASSETCATALOG_COMPILER_LAUNCHIMAGE_NAME = LaunchImage;
				GCC_PRECOMPILE_PREFIX_HEADER = YES;
				GCC_PREFIX_HEADER = "FlickerPhotoMap/FlickerPhotoMap-Prefix.pch";
				INFOPLIST_FILE = "FlickerPhotoMap/FlickerPhotoMap-Info.plist";
				PRODUCT_NAME = "$(TARGET_NAME)";
				WRAPPER_EXTENSION = app;
			};
			name = Debug;
		};
		383DB29D18952ABD00BDF393 /* Release */ = {
			isa = XCBuildConfiguration;
			buildSettings = {
				ASSETCATALOG_COMPILER_APPICON_NAME = AppIcon;
				ASSETCATALOG_COMPILER_LAUNCHIMAGE_NAME = LaunchImage;
				GCC_PRECOMPILE_PREFIX_HEADER = YES;
				GCC_PREFIX_HEADER = "FlickerPhotoMap/FlickerPhotoMap-Prefix.pch";
				INFOPLIST_FILE = "FlickerPhotoMap/FlickerPhotoMap-Info.plist";
				PRODUCT_NAME = "$(TARGET_NAME)";
				WRAPPER_EXTENSION = app;
			};
			name = Release;
		};
		383DB29F18952ABD00BDF393 /* Debug */ = {
			isa = XCBuildConfiguration;
			buildSettings = {
				ARCHS = "$(ARCHS_STANDARD_INCLUDING_64_BIT)";
				BUNDLE_LOADER = "$(BUILT_PRODUCTS_DIR)/FlickerPhotoMap.app/FlickerPhotoMap";
				FRAMEWORK_SEARCH_PATHS = (
					"$(SDKROOT)/Developer/Library/Frameworks",
					"$(inherited)",
					"$(DEVELOPER_FRAMEWORKS_DIR)",
				);
				GCC_PRECOMPILE_PREFIX_HEADER = YES;
				GCC_PREFIX_HEADER = "FlickerPhotoMap/FlickerPhotoMap-Prefix.pch";
				GCC_PREPROCESSOR_DEFINITIONS = (
					"DEBUG=1",
					"$(inherited)",
				);
				INFOPLIST_FILE = "FlickerPhotoMapTests/FlickerPhotoMapTests-Info.plist";
				PRODUCT_NAME = "$(TARGET_NAME)";
				TEST_HOST = "$(BUNDLE_LOADER)";
				WRAPPER_EXTENSION = xctest;
			};
			name = Debug;
		};
		383DB2A018952ABD00BDF393 /* Release */ = {
			isa = XCBuildConfiguration;
			buildSettings = {
				ARCHS = "$(ARCHS_STANDARD_INCLUDING_64_BIT)";
				BUNDLE_LOADER = "$(BUILT_PRODUCTS_DIR)/FlickerPhotoMap.app/FlickerPhotoMap";
				FRAMEWORK_SEARCH_PATHS = (
					"$(SDKROOT)/Developer/Library/Frameworks",
					"$(inherited)",
					"$(DEVELOPER_FRAMEWORKS_DIR)",
				);
				GCC_PRECOMPILE_PREFIX_HEADER = YES;
				GCC_PREFIX_HEADER = "FlickerPhotoMap/FlickerPhotoMap-Prefix.pch";
				INFOPLIST_FILE = "FlickerPhotoMapTests/FlickerPhotoMapTests-Info.plist";
				PRODUCT_NAME = "$(TARGET_NAME)";
				TEST_HOST = "$(BUNDLE_LOADER)";
				WRAPPER_EXTENSION = xctest;
			};
			name = Release;
		};
/* End XCBuildConfiguration section */

/* Begin XCConfigurationList section */
		383DB26118952ABD00BDF393 /* Build configuration list for PBXProject "FlickerPhotoMap" */ = {
			isa = XCConfigurationList;
			buildConfigurations = (
				383DB29918952ABD00BDF393 /* Debug */,
				383DB29A18952ABD00BDF393 /* Release */,
			);
			defaultConfigurationIsVisible = 0;
			defaultConfigurationName = Release;
		};
		383DB29B18952ABD00BDF393 /* Build configuration list for PBXNativeTarget "FlickerPhotoMap" */ = {
			isa = XCConfigurationList;
			buildConfigurations = (
				383DB29C18952ABD00BDF393 /* Debug */,
				383DB29D18952ABD00BDF393 /* Release */,
			);
			defaultConfigurationIsVisible = 0;
			defaultConfigurationName = Release;
		};
		383DB29E18952ABD00BDF393 /* Build configuration list for PBXNativeTarget "FlickerPhotoMapTests" */ = {
			isa = XCConfigurationList;
			buildConfigurations = (
				383DB29F18952ABD00BDF393 /* Debug */,
				383DB2A018952ABD00BDF393 /* Release */,
			);
			defaultConfigurationIsVisible = 0;
			defaultConfigurationName = Release;
		};
/* End XCConfigurationList section */
	};
	rootObject = 383DB25E18952ABD00BDF393 /* Project object */;
}
