// !$*UTF8*$!
{
	archiveVersion = 1;
	classes = {
	};
	objectVersion = 46;
	objects = {

/* Begin PBXBuildFile section */
		29D4FF88151DAAD700D35093 /* UIKit.framework in Frameworks */ = {isa = PBXBuildFile; fileRef = 29D4FF87151DAAD700D35093 /* UIKit.framework */; };
		29D4FF8A151DAAD700D35093 /* Foundation.framework in Frameworks */ = {isa = PBXBuildFile; fileRef = 29D4FF89151DAAD700D35093 /* Foundation.framework */; };
		29D4FF8C151DAAD700D35093 /* CoreGraphics.framework in Frameworks */ = {isa = PBXBuildFile; fileRef = 29D4FF8B151DAAD700D35093 /* CoreGraphics.framework */; };
		29D4FF92151DAAD700D35093 /* InfoPlist.strings in Resources */ = {isa = PBXBuildFile; fileRef = 29D4FF90151DAAD700D35093 /* InfoPlist.strings */; };
		29D4FF94151DAAD700D35093 /* main.m in Sources */ = {isa = PBXBuildFile; fileRef = 29D4FF93151DAAD700D35093 /* main.m */; };
		29D4FF98151DAAD700D35093 /* AppDelegate.m in Sources */ = {isa = PBXBuildFile; fileRef = 29D4FF97151DAAD700D35093 /* AppDelegate.m */; };
		29D4FF9B151DAAD700D35093 /* MainStoryboard.storyboard in Resources */ = {isa = PBXBuildFile; fileRef = 29D4FF99151DAAD700D35093 /* MainStoryboard.storyboard */; };
		29D4FF9E151DAAD700D35093 /* ViewController.m in Sources */ = {isa = PBXBuildFile; fileRef = 29D4FF9D151DAAD700D35093 /* ViewController.m */; };
/* End PBXBuildFile section */

/* Begin PBXFileReference section */
		29D4FF83151DAAD700D35093 /* ImplementOutLink.app */ = {isa = PBXFileReference; explicitFileType = wrapper.application; includeInIndex = 0; path = ImplementOutLink.app; sourceTree = BUILT_PRODUCTS_DIR; };
		29D4FF87151DAAD700D35093 /* UIKit.framework */ = {isa = PBXFileReference; lastKnownFileType = wrapper.framework; name = UIKit.framework; path = System/Library/Frameworks/UIKit.framework; sourceTree = SDKROOT; };
		29D4FF89151DAAD700D35093 /* Foundation.framework */ = {isa = PBXFileReference; lastKnownFileType = wrapper.framework; name = Foundation.framework; path = System/Library/Frameworks/Foundation.framework; sourceTree = SDKROOT; };
		29D4FF8B151DAAD700D35093 /* CoreGraphics.framework */ = {isa = PBXFileReference; lastKnownFileType = wrapper.framework; name = CoreGraphics.framework; path = System/Library/Frameworks/CoreGraphics.framework; sourceTree = SDKROOT; };
		29D4FF8F151DAAD700D35093 /* ImplementOutLink-Info.plist */ = {isa = PBXFileReference; lastKnownFileType = text.plist.xml; path = "ImplementOutLink-Info.plist"; sourceTree = "<group>"; };
		29D4FF91151DAAD700D35093 /* en */ = {isa = PBXFileReference; lastKnownFileType = text.plist.strings; name = en; path = en.lproj/InfoPlist.strings; sourceTree = "<group>"; };
		29D4FF93151DAAD700D35093 /* main.m */ = {isa = PBXFileReference; lastKnownFileType = sourcecode.c.objc; path = main.m; sourceTree = "<group>"; };
		29D4FF95151DAAD700D35093 /* ImplementOutLink-Prefix.pch */ = {isa = PBXFileReference; lastKnownFileType = sourcecode.c.h; path = "ImplementOutLink-Prefix.pch"; sourceTree = "<group>"; };
		29D4FF96151DAAD700D35093 /* AppDelegate.h */ = {isa = PBXFileReference; lastKnownFileType = sourcecode.c.h; path = AppDelegate.h; sourceTree = "<group>"; };
		29D4FF97151DAAD700D35093 /* AppDelegate.m */ = {isa = PBXFileReference; lastKnownFileType = sourcecode.c.objc; path = AppDelegate.m; sourceTree = "<group>"; };
		29D4FF9A151DAAD700D35093 /* en */ = {isa = PBXFileReference; lastKnownFileType = file.storyboard; name = en; path = en.lproj/MainStoryboard.storyboard; sourceTree = "<group>"; };
		29D4FF9C151DAAD700D35093 /* ViewController.h */ = {isa = PBXFileReference; lastKnownFileType = sourcecode.c.h; path = ViewController.h; sourceTree = "<group>"; };
		29D4FF9D151DAAD700D35093 /* ViewController.m */ = {isa = PBXFileReference; lastKnownFileType = sourcecode.c.objc; path = ViewController.m; sourceTree = "<group>"; };
/* End PBXFileReference section */

/* Begin PBXFrameworksBuildPhase section */
		29D4FF80151DAAD700D35093 /* Frameworks */ = {
			isa = PBXFrameworksBuildPhase;
			buildActionMask = 2147483647;
			files = (
				29D4FF88151DAAD700D35093 /* UIKit.framework in Frameworks */,
				29D4FF8A151DAAD700D35093 /* Foundation.framework in Frameworks */,
				29D4FF8C151DAAD700D35093 /* CoreGraphics.framework in Frameworks */,
			);
			runOnlyForDeploymentPostprocessing = 0;
		};
/* End PBXFrameworksBuildPhase section */

/* Begin PBXGroup section */
		29D4FF78151DAAD700D35093 = {
			isa = PBXGroup;
			children = (
				29D4FF8D151DAAD700D35093 /* ImplementOutLink */,
				29D4FF86151DAAD700D35093 /* Frameworks */,
				29D4FF84151DAAD700D35093 /* Products */,
			);
			sourceTree = "<group>";
		};
		29D4FF84151DAAD700D35093 /* Products */ = {
			isa = PBXGroup;
			children = (
				29D4FF83151DAAD700D35093 /* ImplementOutLink.app */,
			);
			name = Products;
			sourceTree = "<group>";
		};
		29D4FF86151DAAD700D35093 /* Frameworks */ = {
			isa = PBXGroup;
			children = (
				29D4FF87151DAAD700D35093 /* UIKit.framework */,
				29D4FF89151DAAD700D35093 /* Foundation.framework */,
				29D4FF8B151DAAD700D35093 /* CoreGraphics.framework */,
			);
			name = Frameworks;
			sourceTree = "<group>";
		};
		29D4FF8D151DAAD700D35093 /* ImplementOutLink */ = {
			isa = PBXGroup;
			children = (
				29D4FF96151DAAD700D35093 /* AppDelegate.h */,
				29D4FF97151DAAD700D35093 /* AppDelegate.m */,
				29D4FF99151DAAD700D35093 /* MainStoryboard.storyboard */,
				29D4FF9C151DAAD700D35093 /* ViewController.h */,
				29D4FF9D151DAAD700D35093 /* ViewController.m */,
				29D4FF8E151DAAD700D35093 /* Supporting Files */,
			);
			path = ImplementOutLink;
			sourceTree = "<group>";
		};
		29D4FF8E151DAAD700D35093 /* Supporting Files */ = {
			isa = PBXGroup;
			children = (
				29D4FF8F151DAAD700D35093 /* ImplementOutLink-Info.plist */,
				29D4FF90151DAAD700D35093 /* InfoPlist.strings */,
				29D4FF93151DAAD700D35093 /* main.m */,
				29D4FF95151DAAD700D35093 /* ImplementOutLink-Prefix.pch */,
			);
			name = "Supporting Files";
			sourceTree = "<group>";
		};
/* End PBXGroup section */

/* Begin PBXNativeTarget section */
		29D4FF82151DAAD700D35093 /* ImplementOutLink */ = {
			isa = PBXNativeTarget;
			buildConfigurationList = 29D4FFA1151DAAD700D35093 /* Build configuration list for PBXNativeTarget "ImplementOutLink" */;
			buildPhases = (
				29D4FF7F151DAAD700D35093 /* Sources */,
				29D4FF80151DAAD700D35093 /* Frameworks */,
				29D4FF81151DAAD700D35093 /* Resources */,
			);
			buildRules = (
			);
			dependencies = (
			);
			name = ImplementOutLink;
			productName = ImplementOutLink;
			productReference = 29D4FF83151DAAD700D35093 /* ImplementOutLink.app */;
			productType = "com.apple.product-type.application";
		};
/* End PBXNativeTarget section */

/* Begin PBXProject section */
		29D4FF7A151DAAD700D35093 /* Project object */ = {
			isa = PBXProject;
			attributes = {
				LastUpgradeCheck = 0430;
			};
			buildConfigurationList = 29D4FF7D151DAAD700D35093 /* Build configuration list for PBXProject "ImplementOutLink" */;
			compatibilityVersion = "Xcode 3.2";
			developmentRegion = English;
			hasScannedForEncodings = 0;
			knownRegions = (
				en,
			);
			mainGroup = 29D4FF78151DAAD700D35093;
			productRefGroup = 29D4FF84151DAAD700D35093 /* Products */;
			projectDirPath = "";
			projectRoot = "";
			targets = (
				29D4FF82151DAAD700D35093 /* ImplementOutLink */,
			);
		};
/* End PBXProject section */

/* Begin PBXResourcesBuildPhase section */
		29D4FF81151DAAD700D35093 /* Resources */ = {
			isa = PBXResourcesBuildPhase;
			buildActionMask = 2147483647;
			files = (
				29D4FF92151DAAD700D35093 /* InfoPlist.strings in Resources */,
				29D4FF9B151DAAD700D35093 /* MainStoryboard.storyboard in Resources */,
			);
			runOnlyForDeploymentPostprocessing = 0;
		};
/* End PBXResourcesBuildPhase section */

/* Begin PBXSourcesBuildPhase section */
		29D4FF7F151DAAD700D35093 /* Sources */ = {
			isa = PBXSourcesBuildPhase;
			buildActionMask = 2147483647;
			files = (
				29D4FF94151DAAD700D35093 /* main.m in Sources */,
				29D4FF98151DAAD700D35093 /* AppDelegate.m in Sources */,
				29D4FF9E151DAAD700D35093 /* ViewController.m in Sources */,
			);
			runOnlyForDeploymentPostprocessing = 0;
		};
/* End PBXSourcesBuildPhase section */

/* Begin PBXVariantGroup section */
		29D4FF90151DAAD700D35093 /* InfoPlist.strings */ = {
			isa = PBXVariantGroup;
			children = (
				29D4FF91151DAAD700D35093 /* en */,
			);
			name = InfoPlist.strings;
			sourceTree = "<group>";
		};
		29D4FF99151DAAD700D35093 /* MainStoryboard.storyboard */ = {
			isa = PBXVariantGroup;
			children = (
				29D4FF9A151DAAD700D35093 /* en */,
			);
			name = MainStoryboard.storyboard;
			sourceTree = "<group>";
		};
/* End PBXVariantGroup section */

/* Begin XCBuildConfiguration section */
		29D4FF9F151DAAD700D35093 /* Debug */ = {
			isa = XCBuildConfiguration;
			buildSettings = {
				ALWAYS_SEARCH_USER_PATHS = NO;
				ARCHS = "$(ARCHS_STANDARD_32_BIT)";
				CLANG_ENABLE_OBJC_ARC = YES;
				"CODE_SIGN_IDENTITY[sdk=iphoneos*]" = "iPhone Developer";
				COPY_PHASE_STRIP = NO;
				GCC_C_LANGUAGE_STANDARD = gnu99;
				GCC_DYNAMIC_NO_PIC = NO;
				GCC_OPTIMIZATION_LEVEL = 0;
				GCC_PREPROCESSOR_DEFINITIONS = (
					"DEBUG=1",
					"$(inherited)",
				);
				GCC_SYMBOLS_PRIVATE_EXTERN = NO;
				GCC_VERSION = com.apple.compilers.llvm.clang.1_0;
				GCC_WARN_ABOUT_RETURN_TYPE = YES;
				GCC_WARN_UNINITIALIZED_AUTOS = YES;
				GCC_WARN_UNUSED_VARIABLE = YES;
				IPHONEOS_DEPLOYMENT_TARGET = 5.1;
				SDKROOT = iphoneos;
			};
			name = Debug;
		};
		29D4FFA0151DAAD700D35093 /* Release */ = {
			isa = XCBuildConfiguration;
			buildSettings = {
				ALWAYS_SEARCH_USER_PATHS = NO;
				ARCHS = "$(ARCHS_STANDARD_32_BIT)";
				CLANG_ENABLE_OBJC_ARC = YES;
				"CODE_SIGN_IDENTITY[sdk=iphoneos*]" = "iPhone Developer";
				COPY_PHASE_STRIP = YES;
				GCC_C_LANGUAGE_STANDARD = gnu99;
				GCC_VERSION = com.apple.compilers.llvm.clang.1_0;
				GCC_WARN_ABOUT_RETURN_TYPE = YES;
				GCC_WARN_UNINITIALIZED_AUTOS = YES;
				GCC_WARN_UNUSED_VARIABLE = YES;
				IPHONEOS_DEPLOYMENT_TARGET = 5.1;
				OTHER_CFLAGS = "-DNS_BLOCK_ASSERTIONS=1";
				SDKROOT = iphoneos;
				VALIDATE_PRODUCT = YES;
			};
			name = Release;
		};
		29D4FFA2151DAAD700D35093 /* Debug */ = {
			isa = XCBuildConfiguration;
			buildSettings = {
				GCC_PRECOMPILE_PREFIX_HEADER = YES;
				GCC_PREFIX_HEADER = "ImplementOutLink/ImplementOutLink-Prefix.pch";
				INFOPLIST_FILE = "ImplementOutLink/ImplementOutLink-Info.plist";
				PRODUCT_NAME = "$(TARGET_NAME)";
				WRAPPER_EXTENSION = app;
			};
			name = Debug;
		};
		29D4FFA3151DAAD700D35093 /* Release */ = {
			isa = XCBuildConfiguration;
			buildSettings = {
				GCC_PRECOMPILE_PREFIX_HEADER = YES;
				GCC_PREFIX_HEADER = "ImplementOutLink/ImplementOutLink-Prefix.pch";
				INFOPLIST_FILE = "ImplementOutLink/ImplementOutLink-Info.plist";
				PRODUCT_NAME = "$(TARGET_NAME)";
				WRAPPER_EXTENSION = app;
			};
			name = Release;
		};
/* End XCBuildConfiguration section */

/* Begin XCConfigurationList section */
		29D4FF7D151DAAD700D35093 /* Build configuration list for PBXProject "ImplementOutLink" */ = {
			isa = XCConfigurationList;
			buildConfigurations = (
				29D4FF9F151DAAD700D35093 /* Debug */,
				29D4FFA0151DAAD700D35093 /* Release */,
			);
			defaultConfigurationIsVisible = 0;
			defaultConfigurationName = Release;
		};
		29D4FFA1151DAAD700D35093 /* Build configuration list for PBXNativeTarget "ImplementOutLink" */ = {
			isa = XCConfigurationList;
			buildConfigurations = (
				29D4FFA2151DAAD700D35093 /* Debug */,
				29D4FFA3151DAAD700D35093 /* Release */,
			);
			defaultConfigurationIsVisible = 0;
		};
/* End XCConfigurationList section */
	};
	rootObject = 29D4FF7A151DAAD700D35093 /* Project object */;
}
